# This file was autogenerated by Stack.
# You should not edit this file by hand.
# For more information, please see the documentation at:
#   https://docs.haskellstack.org/en/stable/lock_files

packages:
- completed:
    name: liquidhaskell
    subdir: .
    pantry-tree:
      sha256: 8b6268894d9fabf1f0a3f8a4fe12054cd6f4939b11807f47e9b98ff3cd5ac16e
      size: 319465
    commit: 3c6da45b2ab591080566dbf7c5edc44af8539a2e
    git: https://github.com/ucsd-progsys/liquidhaskell
    version: 0.8.10.7.1
  original:
    subdir: .
    commit: 3c6da45b2ab591080566dbf7c5edc44af8539a2e
    git: https://github.com/ucsd-progsys/liquidhaskell
- completed:
    name: liquid-base
    subdir: liquid-base
    pantry-tree:
      sha256: c54bf9327dc5d69f3c5db747908173b817d4a3beaa08ff3016f64fc2d2f053f7
      size: 15114
    commit: 3c6da45b2ab591080566dbf7c5edc44af8539a2e
    git: https://github.com/ucsd-progsys/liquidhaskell
    version: 4.14.3.0
  original:
    subdir: liquid-base
    commit: 3c6da45b2ab591080566dbf7c5edc44af8539a2e
    git: https://github.com/ucsd-progsys/liquidhaskell
- completed:
    name: liquid-prelude
    subdir: liquid-prelude
    pantry-tree:
      sha256: 5fb206c776b87a0de48c5f429ac82b689a5942d215582a06ac752e1f118229f7
      size: 1029
    commit: 3c6da45b2ab591080566dbf7c5edc44af8539a2e
    git: https://github.com/ucsd-progsys/liquidhaskell
    version: 0.8.10.2
  original:
    subdir: liquid-prelude
    commit: 3c6da45b2ab591080566dbf7c5edc44af8539a2e
    git: https://github.com/ucsd-progsys/liquidhaskell
- completed:
    name: liquid-ghc-prim
    subdir: liquid-ghc-prim
    pantry-tree:
      sha256: 3d8d31526fe8c6a7d119a5422a41ad939842bf9063f8f5ec08130365721f204f
      size: 912
    commit: 3c6da45b2ab591080566dbf7c5edc44af8539a2e
    git: https://github.com/ucsd-progsys/liquidhaskell
    version: 0.6.1
  original:
    subdir: liquid-ghc-prim
    commit: 3c6da45b2ab591080566dbf7c5edc44af8539a2e
    git: https://github.com/ucsd-progsys/liquidhaskell
- completed:
    name: liquid-containers
    subdir: liquid-containers
    pantry-tree:
      sha256: 69ab7d9ccde93b16e14c0f27ac8f2d8bac81e7047c3ccad98e7926c8cadd21b5
      size: 2143
    commit: 3c6da45b2ab591080566dbf7c5edc44af8539a2e
    git: https://github.com/ucsd-progsys/liquidhaskell
    version: 0.6.2.1
  original:
    subdir: liquid-containers
    commit: 3c6da45b2ab591080566dbf7c5edc44af8539a2e
    git: https://github.com/ucsd-progsys/liquidhaskell
- completed:
    name: liquid-fixpoint
    pantry-tree:
      sha256: e5211964fb2415ea5c5c7c07f8c3b994a548a82867040ba66a9cd0dfc93bf663
      size: 22323
    commit: f6af0464c0b2ccd908075d5254864dbcf73f8e7a
    git: https://github.com/ucsd-progsys/liquid-fixpoint
    version: 0.8.10.7.1
  original:
    commit: f6af0464c0b2ccd908075d5254864dbcf73f8e7a
    git: https://github.com/ucsd-progsys/liquid-fixpoint
- completed:
    pantry-tree:
      sha256: ad19ccb2185ac0b58ddfd2eede69e6444986e687232e1504eb04ce7bb6e39368
      size: 4018
    hackage: rest-rewrite-0.4.0@sha256:be93d899f7dece33f2a7613eb3dabd24d139f9cb2fc09f9efedfdce4ba6eb276,3923
  original:
    hackage: rest-rewrite-0.4.0@sha256:be93d899f7dece33f2a7613eb3dabd24d139f9cb2fc09f9efedfdce4ba6eb276,3923
snapshots:
- completed:
    sha256: 79a786674930a89301b0e908fad2822a48882f3d01486117693c377b8edffdbe
    size: 590102
    url: https://raw.githubusercontent.com/commercialhaskell/stackage-snapshots/master/lts/18/27.yaml
  original: lts-18.27
